
Microsoft Visual Studio Solution File, Format Version 12.00
# Visual Studio Version 16
VisualStudioVersion = 16.0.30413.136
MinimumVisualStudioVersion = 10.0.40219.1
Project("{9A19103F-16F7-4668-BE54-9A1E7A4F7556}") = "XInitiatorAPI", "XInitiatorAPI\XInitiatorAPI.csproj", "{74EAECE2-9156-4903-B82D-94C3CCFCFDB3}"
EndProject
Project("{9A19103F-16F7-4668-BE54-9A1E7A4F7556}") = "XInitiatorAPI.Test", "XInitiatorAPI.Test\XInitiatorAPI.Test.csproj", "{EEA6CEA7-F504-44B3-9643-E71E22702EB1}"
EndProject
Global
	GlobalSection(SolutionConfigurationPlatforms) = preSolution
		Debug|Any CPU = Debug|Any CPU
		Release|Any CPU = Release|Any CPU
	EndGlobalSection
	GlobalSection(ProjectConfigurationPlatforms) = postSolution
		{74EAECE2-9156-4903-B82D-94C3CCFCFDB3}.Debug|Any CPU.ActiveCfg = Debug|Any CPU
		{74EAECE2-9156-4903-B82D-94C3CCFCFDB3}.Debug|Any CPU.Build.0 = Debug|Any CPU
		{74EAECE2-9156-4903-B82D-94C3CCFCFDB3}.Release|Any CPU.ActiveCfg = Release|Any CPU
		{74EAECE2-9156-4903-B82D-94C3CCFCFDB3}.Release|Any CPU.Build.0 = Release|Any CPU
		{EEA6CEA7-F504-44B3-9643-E71E22702EB1}.Debug|Any CPU.ActiveCfg = Debug|Any CPU
		{EEA6CEA7-F504-44B3-9643-E71E22702EB1}.Debug|Any CPU.Build.0 = Debug|Any CPU
		{EEA6CEA7-F504-44B3-9643-E71E22702EB1}.Release|Any CPU.ActiveCfg = Release|Any CPU
		{EEA6CEA7-F504-44B3-9643-E71E22702EB1}.Release|Any CPU.Build.0 = Release|Any CPU
	EndGlobalSection
	GlobalSection(SolutionProperties) = preSolution
		HideSolutionNode = FALSE
	EndGlobalSection
	GlobalSection(ExtensibilityGlobals) = postSolution
		SolutionGuid = {8461AFE3-E677-44F6-A8E1-B68426328CB3}
	EndGlobalSection
EndGlobal
